// !$*UTF8*$!
{
	archiveVersion = 1;
	classes = {
	};
	objectVersion = 52;
	objects = {

/* Begin PBXBuildFile section */
		DD75239726DB8A9600004F0D /* ChartsApp.swift in Sources */ = {isa = PBXBuildFile; fileRef = DD75239626DB8A9600004F0D /* ChartsApp.swift */; };
		DD75239926DB8A9600004F0D /* ContentView.swift in Sources */ = {isa = PBXBuildFile; fileRef = DD75239826DB8A9600004F0D /* ContentView.swift */; };
		DD75239B26DB8A9900004F0D /* Assets.xcassets in Resources */ = {isa = PBXBuildFile; fileRef = DD75239A26DB8A9900004F0D /* Assets.xcassets */; };
		DD75239E26DB8A9900004F0D /* Preview Assets.xcassets in Resources */ = {isa = PBXBuildFile; fileRef = DD75239D26DB8A9900004F0D /* Preview Assets.xcassets */; };
		DD7523A726DB911000004F0D /* SwiftChartsBarChart.swift in Sources */ = {isa = PBXBuildFile; fileRef = DD7523A626DB911000004F0D /* SwiftChartsBarChart.swift */; };
		DD7523A926DB943F00004F0D /* SwiftChartsLineChart.swift in Sources */ = {isa = PBXBuildFile; fileRef = DD7523A826DB943F00004F0D /* SwiftChartsLineChart.swift */; };
		DD7523AB26DB945B00004F0D /* SwiftChartsPieChart.swift in Sources */ = {isa = PBXBuildFile; fileRef = DD7523AA26DB945B00004F0D /* SwiftChartsPieChart.swift */; };
		DD7523B026DB963100004F0D /* SwiftCharts in Frameworks */ = {isa = PBXBuildFile; productRef = DD7523AF26DB963100004F0D /* SwiftCharts */; };
		DD7523B126DB963100004F0D /* SwiftCharts in Embed Frameworks */ = {isa = PBXBuildFile; productRef = DD7523AF26DB963100004F0D /* SwiftCharts */; settings = {ATTRIBUTES = (CodeSignOnCopy, ); }; };
		DD7523B726DB9D0700004F0D /* StockChartsLineChart.swift in Sources */ = {isa = PBXBuildFile; fileRef = DD7523B426DB9D0700004F0D /* StockChartsLineChart.swift */; };
		DD7523B826DB9D0700004F0D /* StockChartsBarChart.swift in Sources */ = {isa = PBXBuildFile; fileRef = DD7523B526DB9D0700004F0D /* StockChartsBarChart.swift */; };
		DD7523BC26DBA2C700004F0D /* StockCharts in Frameworks */ = {isa = PBXBuildFile; productRef = DD7523BB26DBA2C700004F0D /* StockCharts */; };
		DD7523BF26DBAA7E00004F0D /* SwiftUiChartsBarChart.swift in Sources */ = {isa = PBXBuildFile; fileRef = DD7523BE26DBAA7E00004F0D /* SwiftUiChartsBarChart.swift */; };
		DD7523C426DBB12C00004F0D /* SwiftUiChartsLineChart.swift in Sources */ = {isa = PBXBuildFile; fileRef = DD7523C326DBB12C00004F0D /* SwiftUiChartsLineChart.swift */; };
		DD7523D026DBCFC000004F0D /* SwiftUICharts in Frameworks */ = {isa = PBXBuildFile; productRef = DD7523CF26DBCFC000004F0D /* SwiftUICharts */; };
		DD7523D326DBCFD800004F0D /* AppPearBarChart.swift in Sources */ = {isa = PBXBuildFile; fileRef = DD7523D226DBCFD800004F0D /* AppPearBarChart.swift */; };
		DD7523D526DBD32A00004F0D /* AppPearLineChart.swift in Sources */ = {isa = PBXBuildFile; fileRef = DD7523D426DBD32A00004F0D /* AppPearLineChart.swift */; };
		DD7523D726DBD38F00004F0D /* AppPearPieChart.swift in Sources */ = {isa = PBXBuildFile; fileRef = DD7523D626DBD38F00004F0D /* AppPearPieChart.swift */; };
		DD7523DA26DBD7B500004F0D /* SwiftUICustomCharts in Frameworks */ = {isa = PBXBuildFile; productRef = DD7523D926DBD7B500004F0D /* SwiftUICustomCharts */; };
		DD7523DD26DBD91600004F0D /* Charts in Frameworks */ = {isa = PBXBuildFile; productRef = DD7523DC26DBD91600004F0D /* Charts */; };
		DD7523E326DBD93000004F0D /* ChartsBarChart.swift in Sources */ = {isa = PBXBuildFile; fileRef = DD7523E226DBD93000004F0D /* ChartsBarChart.swift */; };
		DD7523E526DBD94C00004F0D /* BarChart.swift in Sources */ = {isa = PBXBuildFile; fileRef = DD7523E426DBD94C00004F0D /* BarChart.swift */; };
		DD7523E826DBDA1D00004F0D /* Algorithms in Frameworks */ = {isa = PBXBuildFile; productRef = DD7523E726DBDA1D00004F0D /* Algorithms */; };
		DD7523EA26DBE40A00004F0D /* HorizontalBarChart.swift in Sources */ = {isa = PBXBuildFile; fileRef = DD7523E926DBE40A00004F0D /* HorizontalBarChart.swift */; };
		DD7523EC26DBE88C00004F0D /* LineChart.swift in Sources */ = {isa = PBXBuildFile; fileRef = DD7523EB26DBE88C00004F0D /* LineChart.swift */; };
		DD7523EE26DBE8F000004F0D /* ChartsLineChart.swift in Sources */ = {isa = PBXBuildFile; fileRef = DD7523ED26DBE8F000004F0D /* ChartsLineChart.swift */; };
		DD7523F026DBECB100004F0D /* DateValueFormatter.swift in Sources */ = {isa = PBXBuildFile; fileRef = DD7523EF26DBECB100004F0D /* DateValueFormatter.swift */; };
		DD7523F226DBEE3D00004F0D /* PieChart.swift in Sources */ = {isa = PBXBuildFile; fileRef = DD7523F126DBEE3D00004F0D /* PieChart.swift */; };
		DD7523F426DBEE8200004F0D /* ChartsPieChart.swift in Sources */ = {isa = PBXBuildFile; fileRef = DD7523F326DBEE8200004F0D /* ChartsPieChart.swift */; };
		DD8BC08E26E4F48000849857 /* BarChartWrapper.swift in Sources */ = {isa = PBXBuildFile; fileRef = DD8BC08D26E4F48000849857 /* BarChartWrapper.swift */; };
		DDE5595226FF33D600EE12B5 /* CareKit in Frameworks */ = {isa = PBXBuildFile; productRef = DDE5595126FF33D600EE12B5 /* CareKit */; };
		DDE5595426FF33D600EE12B5 /* CareKitUI in Frameworks */ = {isa = PBXBuildFile; productRef = DDE5595326FF33D600EE12B5 /* CareKitUI */; };
		DDE5595626FF367E00EE12B5 /* CareKitChart.swift in Sources */ = {isa = PBXBuildFile; fileRef = DDE5595526FF367E00EE12B5 /* CareKitChart.swift */; };
		DDE5595A26FF3CB000EE12B5 /* CKChartView.swift in Sources */ = {isa = PBXBuildFile; fileRef = DDE5595926FF3CB000EE12B5 /* CKChartView.swift */; };
/* End PBXBuildFile section */

/* Begin PBXCopyFilesBuildPhase section */
		DD7523B226DB963100004F0D /* Embed Frameworks */ = {
			isa = PBXCopyFilesBuildPhase;
			buildActionMask = 2147483647;
			dstPath = "";
			dstSubfolderSpec = 10;
			files = (
				DD7523B126DB963100004F0D /* SwiftCharts in Embed Frameworks */,
			);
			name = "Embed Frameworks";
			runOnlyForDeploymentPostprocessing = 0;
		};
/* End PBXCopyFilesBuildPhase section */

/* Begin PBXFileReference section */
		DD75239326DB8A9600004F0D /* ChartsPlayground.app */ = {isa = PBXFileReference; explicitFileType = wrapper.application; includeInIndex = 0; path = ChartsPlayground.app; sourceTree = BUILT_PRODUCTS_DIR; };
		DD75239626DB8A9600004F0D /* ChartsApp.swift */ = {isa = PBXFileReference; lastKnownFileType = sourcecode.swift; path = ChartsApp.swift; sourceTree = "<group>"; };
		DD75239826DB8A9600004F0D /* ContentView.swift */ = {isa = PBXFileReference; lastKnownFileType = sourcecode.swift; path = ContentView.swift; sourceTree = "<group>"; };
		DD75239A26DB8A9900004F0D /* Assets.xcassets */ = {isa = PBXFileReference; lastKnownFileType = folder.assetcatalog; path = Assets.xcassets; sourceTree = "<group>"; };
		DD75239D26DB8A9900004F0D /* Preview Assets.xcassets */ = {isa = PBXFileReference; lastKnownFileType = folder.assetcatalog; path = "Preview Assets.xcassets"; sourceTree = "<group>"; };
		DD75239F26DB8A9900004F0D /* Info.plist */ = {isa = PBXFileReference; lastKnownFileType = text.plist.xml; path = Info.plist; sourceTree = "<group>"; };
		DD7523A626DB911000004F0D /* SwiftChartsBarChart.swift */ = {isa = PBXFileReference; lastKnownFileType = sourcecode.swift; path = SwiftChartsBarChart.swift; sourceTree = "<group>"; };
		DD7523A826DB943F00004F0D /* SwiftChartsLineChart.swift */ = {isa = PBXFileReference; fileEncoding = 4; lastKnownFileType = sourcecode.swift; path = SwiftChartsLineChart.swift; sourceTree = "<group>"; };
		DD7523AA26DB945B00004F0D /* SwiftChartsPieChart.swift */ = {isa = PBXFileReference; fileEncoding = 4; lastKnownFileType = sourcecode.swift; path = SwiftChartsPieChart.swift; sourceTree = "<group>"; };
		DD7523B426DB9D0700004F0D /* StockChartsLineChart.swift */ = {isa = PBXFileReference; fileEncoding = 4; lastKnownFileType = sourcecode.swift; path = StockChartsLineChart.swift; sourceTree = "<group>"; };
		DD7523B526DB9D0700004F0D /* StockChartsBarChart.swift */ = {isa = PBXFileReference; fileEncoding = 4; lastKnownFileType = sourcecode.swift; path = StockChartsBarChart.swift; sourceTree = "<group>"; };
		DD7523BE26DBAA7E00004F0D /* SwiftUiChartsBarChart.swift */ = {isa = PBXFileReference; lastKnownFileType = sourcecode.swift; path = SwiftUiChartsBarChart.swift; sourceTree = "<group>"; };
		DD7523C326DBB12C00004F0D /* SwiftUiChartsLineChart.swift */ = {isa = PBXFileReference; lastKnownFileType = sourcecode.swift; path = SwiftUiChartsLineChart.swift; sourceTree = "<group>"; };
		DD7523D226DBCFD800004F0D /* AppPearBarChart.swift */ = {isa = PBXFileReference; lastKnownFileType = sourcecode.swift; path = AppPearBarChart.swift; sourceTree = "<group>"; };
		DD7523D426DBD32A00004F0D /* AppPearLineChart.swift */ = {isa = PBXFileReference; lastKnownFileType = sourcecode.swift; path = AppPearLineChart.swift; sourceTree = "<group>"; };
		DD7523D626DBD38F00004F0D /* AppPearPieChart.swift */ = {isa = PBXFileReference; lastKnownFileType = sourcecode.swift; path = AppPearPieChart.swift; sourceTree = "<group>"; };
		DD7523E226DBD93000004F0D /* ChartsBarChart.swift */ = {isa = PBXFileReference; lastKnownFileType = sourcecode.swift; path = ChartsBarChart.swift; sourceTree = "<group>"; };
		DD7523E426DBD94C00004F0D /* BarChart.swift */ = {isa = PBXFileReference; lastKnownFileType = sourcecode.swift; path = BarChart.swift; sourceTree = "<group>"; };
		DD7523E926DBE40A00004F0D /* HorizontalBarChart.swift */ = {isa = PBXFileReference; lastKnownFileType = sourcecode.swift; path = HorizontalBarChart.swift; sourceTree = "<group>"; };
		DD7523EB26DBE88C00004F0D /* LineChart.swift */ = {isa = PBXFileReference; lastKnownFileType = sourcecode.swift; path = LineChart.swift; sourceTree = "<group>"; };
		DD7523ED26DBE8F000004F0D /* ChartsLineChart.swift */ = {isa = PBXFileReference; lastKnownFileType = sourcecode.swift; path = ChartsLineChart.swift; sourceTree = "<group>"; };
		DD7523EF26DBECB100004F0D /* DateValueFormatter.swift */ = {isa = PBXFileReference; lastKnownFileType = sourcecode.swift; path = DateValueFormatter.swift; sourceTree = "<group>"; };
		DD7523F126DBEE3D00004F0D /* PieChart.swift */ = {isa = PBXFileReference; lastKnownFileType = sourcecode.swift; path = PieChart.swift; sourceTree = "<group>"; };
		DD7523F326DBEE8200004F0D /* ChartsPieChart.swift */ = {isa = PBXFileReference; lastKnownFileType = sourcecode.swift; path = ChartsPieChart.swift; sourceTree = "<group>"; };
		DD8BC08D26E4F48000849857 /* BarChartWrapper.swift */ = {isa = PBXFileReference; lastKnownFileType = sourcecode.swift; path = BarChartWrapper.swift; sourceTree = "<group>"; };
		DDE5595526FF367E00EE12B5 /* CareKitChart.swift */ = {isa = PBXFileReference; lastKnownFileType = sourcecode.swift; path = CareKitChart.swift; sourceTree = "<group>"; };
		DDE5595926FF3CB000EE12B5 /* CKChartView.swift */ = {isa = PBXFileReference; lastKnownFileType = sourcecode.swift; path = CKChartView.swift; sourceTree = "<group>"; };
/* End PBXFileReference section */

/* Begin PBXFrameworksBuildPhase section */
		DD75239026DB8A9600004F0D /* Frameworks */ = {
			isa = PBXFrameworksBuildPhase;
			buildActionMask = 2147483647;
			files = (
				DD7523DD26DBD91600004F0D /* Charts in Frameworks */,
				DDE5595226FF33D600EE12B5 /* CareKit in Frameworks */,
				DDE5595426FF33D600EE12B5 /* CareKitUI in Frameworks */,
				DD7523E826DBDA1D00004F0D /* Algorithms in Frameworks */,
				DD7523BC26DBA2C700004F0D /* StockCharts in Frameworks */,
				DD7523D026DBCFC000004F0D /* SwiftUICharts in Frameworks */,
				DD7523DA26DBD7B500004F0D /* SwiftUICustomCharts in Frameworks */,
				DD7523B026DB963100004F0D /* SwiftCharts in Frameworks */,
			);
			runOnlyForDeploymentPostprocessing = 0;
		};
/* End PBXFrameworksBuildPhase section */

/* Begin PBXGroup section */
		DD75238A26DB8A9600004F0D = {
			isa = PBXGroup;
			children = (
				DD75239526DB8A9600004F0D /* ChartsPlayground */,
				DD75239426DB8A9600004F0D /* Products */,
			);
			sourceTree = "<group>";
		};
		DD75239426DB8A9600004F0D /* Products */ = {
			isa = PBXGroup;
			children = (
				DD75239326DB8A9600004F0D /* ChartsPlayground.app */,
			);
			name = Products;
			sourceTree = "<group>";
		};
		DD75239526DB8A9600004F0D /* ChartsPlayground */ = {
			isa = PBXGroup;
			children = (
				DDE5594D26FF31E600EE12B5 /* CareKit */,
				DD7523E126DBD92700004F0D /* Charts */,
				DD7523D126DBCFCA00004F0D /* AppPear */,
				DD7523BD26DBAA2800004F0D /* SwiftUiCharts */,
				DD7523B326DB9D0700004F0D /* StockCharts */,
				DD7523A526DB90D900004F0D /* SwiftCharts */,
				DD75239626DB8A9600004F0D /* ChartsApp.swift */,
				DD75239826DB8A9600004F0D /* ContentView.swift */,
				DD75239A26DB8A9900004F0D /* Assets.xcassets */,
				DD75239F26DB8A9900004F0D /* Info.plist */,
				DD75239C26DB8A9900004F0D /* Preview Content */,
			);
			path = ChartsPlayground;
			sourceTree = "<group>";
		};
		DD75239C26DB8A9900004F0D /* Preview Content */ = {
			isa = PBXGroup;
			children = (
				DD75239D26DB8A9900004F0D /* Preview Assets.xcassets */,
			);
			path = "Preview Content";
			sourceTree = "<group>";
		};
		DD7523A526DB90D900004F0D /* SwiftCharts */ = {
			isa = PBXGroup;
			children = (
				DD7523A626DB911000004F0D /* SwiftChartsBarChart.swift */,
				DD7523AA26DB945B00004F0D /* SwiftChartsPieChart.swift */,
				DD7523A826DB943F00004F0D /* SwiftChartsLineChart.swift */,
				DD8BC08D26E4F48000849857 /* BarChartWrapper.swift */,
			);
			path = SwiftCharts;
			sourceTree = "<group>";
		};
		DD7523B326DB9D0700004F0D /* StockCharts */ = {
			isa = PBXGroup;
			children = (
				DD7523B426DB9D0700004F0D /* StockChartsLineChart.swift */,
				DD7523B526DB9D0700004F0D /* StockChartsBarChart.swift */,
			);
			path = StockCharts;
			sourceTree = "<group>";
		};
		DD7523BD26DBAA2800004F0D /* SwiftUiCharts */ = {
			isa = PBXGroup;
			children = (
				DD7523BE26DBAA7E00004F0D /* SwiftUiChartsBarChart.swift */,
				DD7523C326DBB12C00004F0D /* SwiftUiChartsLineChart.swift */,
			);
			path = SwiftUiCharts;
			sourceTree = "<group>";
		};
		DD7523D126DBCFCA00004F0D /* AppPear */ = {
			isa = PBXGroup;
			children = (
				DD7523D226DBCFD800004F0D /* AppPearBarChart.swift */,
				DD7523D426DBD32A00004F0D /* AppPearLineChart.swift */,
				DD7523D626DBD38F00004F0D /* AppPearPieChart.swift */,
			);
			path = AppPear;
			sourceTree = "<group>";
		};
		DD7523E126DBD92700004F0D /* Charts */ = {
			isa = PBXGroup;
			children = (
				DD7523E226DBD93000004F0D /* ChartsBarChart.swift */,
				DD7523E426DBD94C00004F0D /* BarChart.swift */,
				DD7523E926DBE40A00004F0D /* HorizontalBarChart.swift */,
				DD7523EB26DBE88C00004F0D /* LineChart.swift */,
				DD7523ED26DBE8F000004F0D /* ChartsLineChart.swift */,
				DD7523EF26DBECB100004F0D /* DateValueFormatter.swift */,
				DD7523F126DBEE3D00004F0D /* PieChart.swift */,
				DD7523F326DBEE8200004F0D /* ChartsPieChart.swift */,
			);
			path = Charts;
			sourceTree = "<group>";
		};
		DDE5594D26FF31E600EE12B5 /* CareKit */ = {
			isa = PBXGroup;
			children = (
				DDE5595526FF367E00EE12B5 /* CareKitChart.swift */,
				DDE5595926FF3CB000EE12B5 /* CKChartView.swift */,
			);
			path = CareKit;
			sourceTree = "<group>";
		};
/* End PBXGroup section */

/* Begin PBXNativeTarget section */
		DD75239226DB8A9600004F0D /* ChartsPlayground */ = {
			isa = PBXNativeTarget;
			buildConfigurationList = DD7523A226DB8A9900004F0D /* Build configuration list for PBXNativeTarget "ChartsPlayground" */;
			buildPhases = (
				DD75238F26DB8A9600004F0D /* Sources */,
				DD75239026DB8A9600004F0D /* Frameworks */,
				DD75239126DB8A9600004F0D /* Resources */,
				DD7523B226DB963100004F0D /* Embed Frameworks */,
			);
			buildRules = (
			);
			dependencies = (
			);
			name = ChartsPlayground;
			packageProductDependencies = (
				DD7523AF26DB963100004F0D /* SwiftCharts */,
				DD7523BB26DBA2C700004F0D /* StockCharts */,
				DD7523CF26DBCFC000004F0D /* SwiftUICharts */,
				DD7523D926DBD7B500004F0D /* SwiftUICustomCharts */,
				DD7523DC26DBD91600004F0D /* Charts */,
				DD7523E726DBDA1D00004F0D /* Algorithms */,
				DDE5595126FF33D600EE12B5 /* CareKit */,
				DDE5595326FF33D600EE12B5 /* CareKitUI */,
			);
			productName = Charts;
			productReference = DD75239326DB8A9600004F0D /* ChartsPlayground.app */;
			productType = "com.apple.product-type.application";
		};
/* End PBXNativeTarget section */

/* Begin PBXProject section */
		DD75238B26DB8A9600004F0D /* Project object */ = {
			isa = PBXProject;
			attributes = {
				LastSwiftUpdateCheck = 1250;
				LastUpgradeCheck = 1250;
				TargetAttributes = {
					DD75239226DB8A9600004F0D = {
						CreatedOnToolsVersion = 12.5.1;
					};
				};
			};
			buildConfigurationList = DD75238E26DB8A9600004F0D /* Build configuration list for PBXProject "ChartsPlayground" */;
			compatibilityVersion = "Xcode 9.3";
			developmentRegion = en;
			hasScannedForEncodings = 0;
			knownRegions = (
				en,
				Base,
			);
			mainGroup = DD75238A26DB8A9600004F0D;
			packageReferences = (
				DD7523AE26DB963100004F0D /* XCRemoteSwiftPackageReference "SwiftCharts" */,
				DD7523BA26DBA2C700004F0D /* XCRemoteSwiftPackageReference "stock-charts" */,
				DD7523CE26DBCFC000004F0D /* XCRemoteSwiftPackageReference "ChartView" */,
				DD7523D826DBD7B500004F0D /* XCRemoteSwiftPackageReference "swiftui-charts" */,
				DD7523DB26DBD91600004F0D /* XCRemoteSwiftPackageReference "Charts" */,
				DD7523E626DBDA1D00004F0D /* XCRemoteSwiftPackageReference "swift-algorithms" */,
				DDE5595026FF33D600EE12B5 /* XCRemoteSwiftPackageReference "CareKit" */,
			);
			productRefGroup = DD75239426DB8A9600004F0D /* Products */;
			projectDirPath = "";
			projectRoot = "";
			targets = (
				DD75239226DB8A9600004F0D /* ChartsPlayground */,
			);
		};
/* End PBXProject section */

/* Begin PBXResourcesBuildPhase section */
		DD75239126DB8A9600004F0D /* Resources */ = {
			isa = PBXResourcesBuildPhase;
			buildActionMask = 2147483647;
			files = (
				DD75239E26DB8A9900004F0D /* Preview Assets.xcassets in Resources */,
				DD75239B26DB8A9900004F0D /* Assets.xcassets in Resources */,
			);
			runOnlyForDeploymentPostprocessing = 0;
		};
/* End PBXResourcesBuildPhase section */

/* Begin PBXSourcesBuildPhase section */
		DD75238F26DB8A9600004F0D /* Sources */ = {
			isa = PBXSourcesBuildPhase;
			buildActionMask = 2147483647;
			files = (
				DD7523AB26DB945B00004F0D /* SwiftChartsPieChart.swift in Sources */,
				DD75239926DB8A9600004F0D /* ContentView.swift in Sources */,
				DD7523B726DB9D0700004F0D /* StockChartsLineChart.swift in Sources */,
				DDE5595626FF367E00EE12B5 /* CareKitChart.swift in Sources */,
				DD7523B826DB9D0700004F0D /* StockChartsBarChart.swift in Sources */,
				DD7523EC26DBE88C00004F0D /* LineChart.swift in Sources */,
				DD7523A926DB943F00004F0D /* SwiftChartsLineChart.swift in Sources */,
				DD7523C426DBB12C00004F0D /* SwiftUiChartsLineChart.swift in Sources */,
				DD7523EA26DBE40A00004F0D /* HorizontalBarChart.swift in Sources */,
				DD7523BF26DBAA7E00004F0D /* SwiftUiChartsBarChart.swift in Sources */,
				DD7523A726DB911000004F0D /* SwiftChartsBarChart.swift in Sources */,
				DD7523F226DBEE3D00004F0D /* PieChart.swift in Sources */,
				DD7523D526DBD32A00004F0D /* AppPearLineChart.swift in Sources */,
				DD7523D326DBCFD800004F0D /* AppPearBarChart.swift in Sources */,
				DD7523E326DBD93000004F0D /* ChartsBarChart.swift in Sources */,
				DD75239726DB8A9600004F0D /* ChartsApp.swift in Sources */,
				DD7523F026DBECB100004F0D /* DateValueFormatter.swift in Sources */,
				DD7523F426DBEE8200004F0D /* ChartsPieChart.swift in Sources */,
				DD7523E526DBD94C00004F0D /* BarChart.swift in Sources */,
				DDE5595A26FF3CB000EE12B5 /* CKChartView.swift in Sources */,
				DD8BC08E26E4F48000849857 /* BarChartWrapper.swift in Sources */,
				DD7523EE26DBE8F000004F0D /* ChartsLineChart.swift in Sources */,
				DD7523D726DBD38F00004F0D /* AppPearPieChart.swift in Sources */,
			);
			runOnlyForDeploymentPostprocessing = 0;
		};
/* End PBXSourcesBuildPhase section */

/* Begin XCBuildConfiguration section */
		DD7523A026DB8A9900004F0D /* Debug */ = {
			isa = XCBuildConfiguration;
			buildSettings = {
				ALWAYS_SEARCH_USER_PATHS = NO;
				CLANG_ANALYZER_NONNULL = YES;
				CLANG_ANALYZER_NUMBER_OBJECT_CONVERSION = YES_AGGRESSIVE;
				CLANG_CXX_LANGUAGE_STANDARD = "gnu++14";
				CLANG_CXX_LIBRARY = "libc++";
				CLANG_ENABLE_MODULES = YES;
				CLANG_ENABLE_OBJC_ARC = YES;
				CLANG_ENABLE_OBJC_WEAK = YES;
				CLANG_WARN_BLOCK_CAPTURE_AUTORELEASING = YES;
				CLANG_WARN_BOOL_CONVERSION = YES;
				CLANG_WARN_COMMA = YES;
				CLANG_WARN_CONSTANT_CONVERSION = YES;
				CLANG_WARN_DEPRECATED_OBJC_IMPLEMENTATIONS = YES;
				CLANG_WARN_DIRECT_OBJC_ISA_USAGE = YES_ERROR;
				CLANG_WARN_DOCUMENTATION_COMMENTS = YES;
				CLANG_WARN_EMPTY_BODY = YES;
				CLANG_WARN_ENUM_CONVERSION = YES;
				CLANG_WARN_INFINITE_RECURSION = YES;
				CLANG_WARN_INT_CONVERSION = YES;
				CLANG_WARN_NON_LITERAL_NULL_CONVERSION = YES;
				CLANG_WARN_OBJC_IMPLICIT_RETAIN_SELF = YES;
				CLANG_WARN_OBJC_LITERAL_CONVERSION = YES;
				CLANG_WARN_OBJC_ROOT_CLASS = YES_ERROR;
				CLANG_WARN_QUOTED_INCLUDE_IN_FRAMEWORK_HEADER = YES;
				CLANG_WARN_RANGE_LOOP_ANALYSIS = YES;
				CLANG_WARN_STRICT_PROTOTYPES = YES;
				CLANG_WARN_SUSPICIOUS_MOVE = YES;
				CLANG_WARN_UNGUARDED_AVAILABILITY = YES_AGGRESSIVE;
				CLANG_WARN_UNREACHABLE_CODE = YES;
				CLANG_WARN__DUPLICATE_METHOD_MATCH = YES;
				COPY_PHASE_STRIP = NO;
				DEBUG_INFORMATION_FORMAT = dwarf;
				ENABLE_STRICT_OBJC_MSGSEND = YES;
				ENABLE_TESTABILITY = YES;
				GCC_C_LANGUAGE_STANDARD = gnu11;
				GCC_DYNAMIC_NO_PIC = NO;
				GCC_NO_COMMON_BLOCKS = YES;
				GCC_OPTIMIZATION_LEVEL = 0;
				GCC_PREPROCESSOR_DEFINITIONS = (
					"DEBUG=1",
					"$(inherited)",
				);
				GCC_WARN_64_TO_32_BIT_CONVERSION = YES;
				GCC_WARN_ABOUT_RETURN_TYPE = YES_ERROR;
				GCC_WARN_UNDECLARED_SELECTOR = YES;
				GCC_WARN_UNINITIALIZED_AUTOS = YES_AGGRESSIVE;
				GCC_WARN_UNUSED_FUNCTION = YES;
				GCC_WARN_UNUSED_VARIABLE = YES;
				IPHONEOS_DEPLOYMENT_TARGET = 14.5;
				MTL_ENABLE_DEBUG_INFO = INCLUDE_SOURCE;
				MTL_FAST_MATH = YES;
				ONLY_ACTIVE_ARCH = YES;
				SDKROOT = iphoneos;
				SWIFT_ACTIVE_COMPILATION_CONDITIONS = DEBUG;
				SWIFT_OPTIMIZATION_LEVEL = "-Onone";
			};
			name = Debug;
		};
		DD7523A126DB8A9900004F0D /* Release */ = {
			isa = XCBuildConfiguration;
			buildSettings = {
				ALWAYS_SEARCH_USER_PATHS = NO;
				CLANG_ANALYZER_NONNULL = YES;
				CLANG_ANALYZER_NUMBER_OBJECT_CONVERSION = YES_AGGRESSIVE;
				CLANG_CXX_LANGUAGE_STANDARD = "gnu++14";
				CLANG_CXX_LIBRARY = "libc++";
				CLANG_ENABLE_MODULES = YES;
				CLANG_ENABLE_OBJC_ARC = YES;
				CLANG_ENABLE_OBJC_WEAK = YES;
				CLANG_WARN_BLOCK_CAPTURE_AUTORELEASING = YES;
				CLANG_WARN_BOOL_CONVERSION = YES;
				CLANG_WARN_COMMA = YES;
				CLANG_WARN_CONSTANT_CONVERSION = YES;
				CLANG_WARN_DEPRECATED_OBJC_IMPLEMENTATIONS = YES;
				CLANG_WARN_DIRECT_OBJC_ISA_USAGE = YES_ERROR;
				CLANG_WARN_DOCUMENTATION_COMMENTS = YES;
				CLANG_WARN_EMPTY_BODY = YES;
				CLANG_WARN_ENUM_CONVERSION = YES;
				CLANG_WARN_INFINITE_RECURSION = YES;
				CLANG_WARN_INT_CONVERSION = YES;
				CLANG_WARN_NON_LITERAL_NULL_CONVERSION = YES;
				CLANG_WARN_OBJC_IMPLICIT_RETAIN_SELF = YES;
				CLANG_WARN_OBJC_LITERAL_CONVERSION = YES;
				CLANG_WARN_OBJC_ROOT_CLASS = YES_ERROR;
				CLANG_WARN_QUOTED_INCLUDE_IN_FRAMEWORK_HEADER = YES;
				CLANG_WARN_RANGE_LOOP_ANALYSIS = YES;
				CLANG_WARN_STRICT_PROTOTYPES = YES;
				CLANG_WARN_SUSPICIOUS_MOVE = YES;
				CLANG_WARN_UNGUARDED_AVAILABILITY = YES_AGGRESSIVE;
				CLANG_WARN_UNREACHABLE_CODE = YES;
				CLANG_WARN__DUPLICATE_METHOD_MATCH = YES;
				COPY_PHASE_STRIP = NO;
				DEBUG_INFORMATION_FORMAT = "dwarf-with-dsym";
				ENABLE_NS_ASSERTIONS = NO;
				ENABLE_STRICT_OBJC_MSGSEND = YES;
				GCC_C_LANGUAGE_STANDARD = gnu11;
				GCC_NO_COMMON_BLOCKS = YES;
				GCC_WARN_64_TO_32_BIT_CONVERSION = YES;
				GCC_WARN_ABOUT_RETURN_TYPE = YES_ERROR;
				GCC_WARN_UNDECLARED_SELECTOR = YES;
				GCC_WARN_UNINITIALIZED_AUTOS = YES_AGGRESSIVE;
				GCC_WARN_UNUSED_FUNCTION = YES;
				GCC_WARN_UNUSED_VARIABLE = YES;
				IPHONEOS_DEPLOYMENT_TARGET = 14.5;
				MTL_ENABLE_DEBUG_INFO = NO;
				MTL_FAST_MATH = YES;
				SDKROOT = iphoneos;
				SWIFT_COMPILATION_MODE = wholemodule;
				SWIFT_OPTIMIZATION_LEVEL = "-O";
				VALIDATE_PRODUCT = YES;
			};
			name = Release;
		};
		DD7523A326DB8A9900004F0D /* Debug */ = {
			isa = XCBuildConfiguration;
			buildSettings = {
				ASSETCATALOG_COMPILER_APPICON_NAME = AppIcon;
				ASSETCATALOG_COMPILER_GLOBAL_ACCENT_COLOR_NAME = AccentColor;
				CODE_SIGN_STYLE = Automatic;
				DEVELOPMENT_ASSET_PATHS = "\"ChartsPlayground/Preview Content\"";
				DEVELOPMENT_TEAM = 9MD9DV36EY;
				ENABLE_PREVIEWS = YES;
				INFOPLIST_FILE = ChartsPlayground/Info.plist;
				IPHONEOS_DEPLOYMENT_TARGET = 14.0;
				LD_RUNPATH_SEARCH_PATHS = (
					"$(inherited)",
					"@executable_path/Frameworks",
				);
				PRODUCT_BUNDLE_IDENTIFIER = de.jannikarndt.Charts;
				PRODUCT_NAME = "$(TARGET_NAME)";
				SWIFT_VERSION = 5.0;
				TARGETED_DEVICE_FAMILY = "1,2";
			};
			name = Debug;
		};
		DD7523A426DB8A9900004F0D /* Release */ = {
			isa = XCBuildConfiguration;
			buildSettings = {
				ASSETCATALOG_COMPILER_APPICON_NAME = AppIcon;
				ASSETCATALOG_COMPILER_GLOBAL_ACCENT_COLOR_NAME = AccentColor;
				CODE_SIGN_STYLE = Automatic;
				DEVELOPMENT_ASSET_PATHS = "\"ChartsPlayground/Preview Content\"";
				DEVELOPMENT_TEAM = 9MD9DV36EY;
				ENABLE_PREVIEWS = YES;
				INFOPLIST_FILE = ChartsPlayground/Info.plist;
				IPHONEOS_DEPLOYMENT_TARGET = 14.0;
				LD_RUNPATH_SEARCH_PATHS = (
					"$(inherited)",
					"@executable_path/Frameworks",
				);
				PRODUCT_BUNDLE_IDENTIFIER = de.jannikarndt.Charts;
				PRODUCT_NAME = "$(TARGET_NAME)";
				SWIFT_VERSION = 5.0;
				TARGETED_DEVICE_FAMILY = "1,2";
			};
			name = Release;
		};
/* End XCBuildConfiguration section */

/* Begin XCConfigurationList section */
		DD75238E26DB8A9600004F0D /* Build configuration list for PBXProject "ChartsPlayground" */ = {
			isa = XCConfigurationList;
			buildConfigurations = (
				DD7523A026DB8A9900004F0D /* Debug */,
				DD7523A126DB8A9900004F0D /* Release */,
			);
			defaultConfigurationIsVisible = 0;
			defaultConfigurationName = Release;
		};
		DD7523A226DB8A9900004F0D /* Build configuration list for PBXNativeTarget "ChartsPlayground" */ = {
			isa = XCConfigurationList;
			buildConfigurations = (
				DD7523A326DB8A9900004F0D /* Debug */,
				DD7523A426DB8A9900004F0D /* Release */,
			);
			defaultConfigurationIsVisible = 0;
			defaultConfigurationName = Release;
		};
/* End XCConfigurationList section */

/* Begin XCRemoteSwiftPackageReference section */
		DD7523AE26DB963100004F0D /* XCRemoteSwiftPackageReference "SwiftCharts" */ = {
			isa = XCRemoteSwiftPackageReference;
			repositoryURL = "https://github.com/ivanschuetz/SwiftCharts/";
			requirement = {
				branch = master;
				kind = branch;
			};
		};
		DD7523BA26DBA2C700004F0D /* XCRemoteSwiftPackageReference "stock-charts" */ = {
			isa = XCRemoteSwiftPackageReference;
			repositoryURL = "https://github.com/denniscm190/stock-charts";
			requirement = {
				branch = main;
				kind = branch;
			};
		};
		DD7523CE26DBCFC000004F0D /* XCRemoteSwiftPackageReference "ChartView" */ = {
			isa = XCRemoteSwiftPackageReference;
			repositoryURL = "https://github.com/AppPear/ChartView";
			requirement = {
				kind = upToNextMajorVersion;
				minimumVersion = 1.5.5;
			};
		};
		DD7523D826DBD7B500004F0D /* XCRemoteSwiftPackageReference "swiftui-charts" */ = {
			isa = XCRemoteSwiftPackageReference;
			repositoryURL = "https://github.com/JannikArndt/swiftui-charts";
			requirement = {
				branch = master;
				kind = branch;
			};
		};
		DD7523DB26DBD91600004F0D /* XCRemoteSwiftPackageReference "Charts" */ = {
			isa = XCRemoteSwiftPackageReference;
			repositoryURL = "https://github.com/danielgindi/Charts";
			requirement = {
				kind = upToNextMajorVersion;
				minimumVersion = 4.0.1;
			};
		};
		DD7523E626DBDA1D00004F0D /* XCRemoteSwiftPackageReference "swift-algorithms" */ = {
			isa = XCRemoteSwiftPackageReference;
			repositoryURL = "https://github.com/apple/swift-algorithms";
			requirement = {
				kind = exactVersion;
				version = 0.0.1;
			};
		};
		DDE5595026FF33D600EE12B5 /* XCRemoteSwiftPackageReference "CareKit" */ = {
			isa = XCRemoteSwiftPackageReference;
			repositoryURL = "https://github.com/carekit-apple/CareKit";
			requirement = {
				branch = main;
				kind = branch;
			};
		};
/* End XCRemoteSwiftPackageReference section */

/* Begin XCSwiftPackageProductDependency section */
		DD7523AF26DB963100004F0D /* SwiftCharts */ = {
			isa = XCSwiftPackageProductDependency;
			package = DD7523AE26DB963100004F0D /* XCRemoteSwiftPackageReference "SwiftCharts" */;
			productName = SwiftCharts;
		};
		DD7523BB26DBA2C700004F0D /* StockCharts */ = {
			isa = XCSwiftPackageProductDependency;
			package = DD7523BA26DBA2C700004F0D /* XCRemoteSwiftPackageReference "stock-charts" */;
			productName = StockCharts;
		};
		DD7523CF26DBCFC000004F0D /* SwiftUICharts */ = {
			isa = XCSwiftPackageProductDependency;
			package = DD7523CE26DBCFC000004F0D /* XCRemoteSwiftPackageReference "ChartView" */;
			productName = SwiftUICharts;
		};
		DD7523D926DBD7B500004F0D /* SwiftUICustomCharts */ = {
			isa = XCSwiftPackageProductDependency;
			package = DD7523D826DBD7B500004F0D /* XCRemoteSwiftPackageReference "swiftui-charts" */;
			productName = SwiftUICustomCharts;
		};
		DD7523DC26DBD91600004F0D /* Charts */ = {
			isa = XCSwiftPackageProductDependency;
			package = DD7523DB26DBD91600004F0D /* XCRemoteSwiftPackageReference "Charts" */;
			productName = Charts;
		};
		DD7523E726DBDA1D00004F0D /* Algorithms */ = {
			isa = XCSwiftPackageProductDependency;
			package = DD7523E626DBDA1D00004F0D /* XCRemoteSwiftPackageReference "swift-algorithms" */;
			productName = Algorithms;
		};
		DDE5595126FF33D600EE12B5 /* CareKit */ = {
			isa = XCSwiftPackageProductDependency;
			package = DDE5595026FF33D600EE12B5 /* XCRemoteSwiftPackageReference "CareKit" */;
			productName = CareKit;
		};
		DDE5595326FF33D600EE12B5 /* CareKitUI */ = {
			isa = XCSwiftPackageProductDependency;
			package = DDE5595026FF33D600EE12B5 /* XCRemoteSwiftPackageReference "CareKit" */;
			productName = CareKitUI;
		};
/* End XCSwiftPackageProductDependency section */
	};
	rootObject = DD75238B26DB8A9600004F0D /* Project object */;
}
